// !$*UTF8*$!
{
	archiveVersion = 1;
	classes = {
	};
	objectVersion = 56;
	objects = {

/* Begin PBXBuildFile section */
		48167FEF2C2FF98B0050F9CC /* blinkApp.swift in Sources */ = {isa = PBXBuildFile; fileRef = 48167FEE2C2FF98B0050F9CC /* blinkApp.swift */; };
		48167FF12C2FF98B0050F9CC /* ContentView.swift in Sources */ = {isa = PBXBuildFile; fileRef = 48167FF02C2FF98B0050F9CC /* ContentView.swift */; };
		48167FF32C2FF98D0050F9CC /* Assets.xcassets in Resources */ = {isa = PBXBuildFile; fileRef = 48167FF22C2FF98D0050F9CC /* Assets.xcassets */; };
		48167FF62C2FF98D0050F9CC /* Preview Assets.xcassets in Resources */ = {isa = PBXBuildFile; fileRef = 48167FF52C2FF98D0050F9CC /* Preview Assets.xcassets */; };
		481680012C2FF98D0050F9CC /* blinkTests.swift in Sources */ = {isa = PBXBuildFile; fileRef = 481680002C2FF98D0050F9CC /* blinkTests.swift */; };
		4816800B2C2FF98D0050F9CC /* blinkUITests.swift in Sources */ = {isa = PBXBuildFile; fileRef = 4816800A2C2FF98D0050F9CC /* blinkUITests.swift */; };
		4816800D2C2FF98D0050F9CC /* blinkUITestsLaunchTests.swift in Sources */ = {isa = PBXBuildFile; fileRef = 4816800C2C2FF98D0050F9CC /* blinkUITestsLaunchTests.swift */; };
		481680202C2FFFA20050F9CC /* Info.plist in Resources */ = {isa = PBXBuildFile; fileRef = 4816801F2C2FFFA20050F9CC /* Info.plist */; };
		481680242C30012C0050F9CC /* MenuBarController.swift in Sources */ = {isa = PBXBuildFile; fileRef = 481680232C30012C0050F9CC /* MenuBarController.swift */; };
		AD5917B32C300F0300B0A95C /* AppDelegate.swift in Sources */ = {isa = PBXBuildFile; fileRef = AD5917B22C300F0300B0A95C /* AppDelegate.swift */; };
		AD5917B52C300F4400B0A95C /* AppViewModel.swift in Sources */ = {isa = PBXBuildFile; fileRef = AD5917B42C300F4400B0A95C /* AppViewModel.swift */; };
		AD5917B72C300F6800B0A95C /* SettingsView.swift in Sources */ = {isa = PBXBuildFile; fileRef = AD5917B62C300F6800B0A95C /* SettingsView.swift */; };
		AD5917B92C300FFA00B0A95C /* FullScreenBreakView.swift in Sources */ = {isa = PBXBuildFile; fileRef = AD5917B82C300FFA00B0A95C /* FullScreenBreakView.swift */; };
		AD5917BB2C30483500B0A95C /* GlobalState.swift in Sources */ = {isa = PBXBuildFile; fileRef = AD5917BA2C30483500B0A95C /* GlobalState.swift */; };
		AD5917BD2C30514D00B0A95C /* ProgressBar.swift in Sources */ = {isa = PBXBuildFile; fileRef = AD5917BC2C30514D00B0A95C /* ProgressBar.swift */; };
/* End PBXBuildFile section */

/* Begin PBXContainerItemProxy section */
		48167FFD2C2FF98D0050F9CC /* PBXContainerItemProxy */ = {
			isa = PBXContainerItemProxy;
			containerPortal = 48167FE32C2FF98B0050F9CC /* Project object */;
			proxyType = 1;
			remoteGlobalIDString = 48167FEA2C2FF98B0050F9CC;
			remoteInfo = blink;
		};
		481680072C2FF98D0050F9CC /* PBXContainerItemProxy */ = {
			isa = PBXContainerItemProxy;
			containerPortal = 48167FE32C2FF98B0050F9CC /* Project object */;
			proxyType = 1;
			remoteGlobalIDString = 48167FEA2C2FF98B0050F9CC;
			remoteInfo = blink;
		};
/* End PBXContainerItemProxy section */

/* Begin PBXFileReference section */
		48167FEB2C2FF98B0050F9CC /* blink.app */ = {isa = PBXFileReference; explicitFileType = wrapper.application; includeInIndex = 0; path = blink.app; sourceTree = BUILT_PRODUCTS_DIR; };
		48167FEE2C2FF98B0050F9CC /* blinkApp.swift */ = {isa = PBXFileReference; lastKnownFileType = sourcecode.swift; path = blinkApp.swift; sourceTree = "<group>"; };
		48167FF02C2FF98B0050F9CC /* ContentView.swift */ = {isa = PBXFileReference; lastKnownFileType = sourcecode.swift; path = ContentView.swift; sourceTree = "<group>"; };
		48167FF22C2FF98D0050F9CC /* Assets.xcassets */ = {isa = PBXFileReference; lastKnownFileType = folder.assetcatalog; path = Assets.xcassets; sourceTree = "<group>"; };
		48167FF52C2FF98D0050F9CC /* Preview Assets.xcassets */ = {isa = PBXFileReference; lastKnownFileType = folder.assetcatalog; path = "Preview Assets.xcassets"; sourceTree = "<group>"; };
		48167FF72C2FF98D0050F9CC /* blink.entitlements */ = {isa = PBXFileReference; lastKnownFileType = text.plist.entitlements; path = blink.entitlements; sourceTree = "<group>"; };
		48167FFC2C2FF98D0050F9CC /* blinkTests.xctest */ = {isa = PBXFileReference; explicitFileType = wrapper.cfbundle; includeInIndex = 0; path = blinkTests.xctest; sourceTree = BUILT_PRODUCTS_DIR; };
		481680002C2FF98D0050F9CC /* blinkTests.swift */ = {isa = PBXFileReference; lastKnownFileType = sourcecode.swift; path = blinkTests.swift; sourceTree = "<group>"; };
		481680062C2FF98D0050F9CC /* blinkUITests.xctest */ = {isa = PBXFileReference; explicitFileType = wrapper.cfbundle; includeInIndex = 0; path = blinkUITests.xctest; sourceTree = BUILT_PRODUCTS_DIR; };
		4816800A2C2FF98D0050F9CC /* blinkUITests.swift */ = {isa = PBXFileReference; lastKnownFileType = sourcecode.swift; path = blinkUITests.swift; sourceTree = "<group>"; };
		4816800C2C2FF98D0050F9CC /* blinkUITestsLaunchTests.swift */ = {isa = PBXFileReference; lastKnownFileType = sourcecode.swift; path = blinkUITestsLaunchTests.swift; sourceTree = "<group>"; };
		4816801F2C2FFFA20050F9CC /* Info.plist */ = {isa = PBXFileReference; lastKnownFileType = text.plist.xml; path = Info.plist; sourceTree = "<group>"; };
		481680232C30012C0050F9CC /* MenuBarController.swift */ = {isa = PBXFileReference; lastKnownFileType = sourcecode.swift; path = MenuBarController.swift; sourceTree = "<group>"; };
		AD5917B22C300F0300B0A95C /* AppDelegate.swift */ = {isa = PBXFileReference; lastKnownFileType = sourcecode.swift; path = AppDelegate.swift; sourceTree = "<group>"; };
		AD5917B42C300F4400B0A95C /* AppViewModel.swift */ = {isa = PBXFileReference; lastKnownFileType = sourcecode.swift; path = AppViewModel.swift; sourceTree = "<group>"; };
		AD5917B62C300F6800B0A95C /* SettingsView.swift */ = {isa = PBXFileReference; lastKnownFileType = sourcecode.swift; path = SettingsView.swift; sourceTree = "<group>"; };
		AD5917B82C300FFA00B0A95C /* FullScreenBreakView.swift */ = {isa = PBXFileReference; lastKnownFileType = sourcecode.swift; path = FullScreenBreakView.swift; sourceTree = "<group>"; };
		AD5917BA2C30483500B0A95C /* GlobalState.swift */ = {isa = PBXFileReference; lastKnownFileType = sourcecode.swift; path = GlobalState.swift; sourceTree = "<group>"; };
		AD5917BC2C30514D00B0A95C /* ProgressBar.swift */ = {isa = PBXFileReference; lastKnownFileType = sourcecode.swift; path = ProgressBar.swift; sourceTree = "<group>"; };
/* End PBXFileReference section */

/* Begin PBXFrameworksBuildPhase section */
		48167FE82C2FF98B0050F9CC /* Frameworks */ = {
			isa = PBXFrameworksBuildPhase;
			buildActionMask = 2147483647;
			files = (
			);
			runOnlyForDeploymentPostprocessing = 0;
		};
		48167FF92C2FF98D0050F9CC /* Frameworks */ = {
			isa = PBXFrameworksBuildPhase;
			buildActionMask = 2147483647;
			files = (
			);
			runOnlyForDeploymentPostprocessing = 0;
		};
		481680032C2FF98D0050F9CC /* Frameworks */ = {
			isa = PBXFrameworksBuildPhase;
			buildActionMask = 2147483647;
			files = (
			);
			runOnlyForDeploymentPostprocessing = 0;
		};
/* End PBXFrameworksBuildPhase section */

/* Begin PBXGroup section */
		48167FE22C2FF98B0050F9CC = {
			isa = PBXGroup;
			children = (
				AD5917BC2C30514D00B0A95C /* ProgressBar.swift */,
				48167FED2C2FF98B0050F9CC /* blink */,
				48167FFF2C2FF98D0050F9CC /* blinkTests */,
				481680092C2FF98D0050F9CC /* blinkUITests */,
				48167FEC2C2FF98B0050F9CC /* Products */,
			);
			sourceTree = "<group>";
		};
		48167FEC2C2FF98B0050F9CC /* Products */ = {
			isa = PBXGroup;
			children = (
				48167FEB2C2FF98B0050F9CC /* blink.app */,
				48167FFC2C2FF98D0050F9CC /* blinkTests.xctest */,
				481680062C2FF98D0050F9CC /* blinkUITests.xctest */,
			);
			name = Products;
			sourceTree = "<group>";
		};
		48167FED2C2FF98B0050F9CC /* blink */ = {
			isa = PBXGroup;
			children = (
				48167FEE2C2FF98B0050F9CC /* blinkApp.swift */,
				AD5917BA2C30483500B0A95C /* GlobalState.swift */,
				AD5917B42C300F4400B0A95C /* AppViewModel.swift */,
				AD5917B22C300F0300B0A95C /* AppDelegate.swift */,
				48167FF02C2FF98B0050F9CC /* ContentView.swift */,
				AD5917B82C300FFA00B0A95C /* FullScreenBreakView.swift */,
				48167FF22C2FF98D0050F9CC /* Assets.xcassets */,
				48167FF72C2FF98D0050F9CC /* blink.entitlements */,
				48167FF42C2FF98D0050F9CC /* Preview Content */,
				4816801F2C2FFFA20050F9CC /* Info.plist */,
				AD5917B62C300F6800B0A95C /* SettingsView.swift */,
				481680232C30012C0050F9CC /* MenuBarController.swift */,
			);
			path = blink;
			sourceTree = "<group>";
		};
		48167FF42C2FF98D0050F9CC /* Preview Content */ = {
			isa = PBXGroup;
			children = (
				48167FF52C2FF98D0050F9CC /* Preview Assets.xcassets */,
			);
			path = "Preview Content";
			sourceTree = "<group>";
		};
		48167FFF2C2FF98D0050F9CC /* blinkTests */ = {
			isa = PBXGroup;
			children = (
				481680002C2FF98D0050F9CC /* blinkTests.swift */,
			);
			path = blinkTests;
			sourceTree = "<group>";
		};
		481680092C2FF98D0050F9CC /* blinkUITests */ = {
			isa = PBXGroup;
			children = (
				4816800A2C2FF98D0050F9CC /* blinkUITests.swift */,
				4816800C2C2FF98D0050F9CC /* blinkUITestsLaunchTests.swift */,
			);
			path = blinkUITests;
			sourceTree = "<group>";
		};
/* End PBXGroup section */

/* Begin PBXNativeTarget section */
		48167FEA2C2FF98B0050F9CC /* blink */ = {
			isa = PBXNativeTarget;
			buildConfigurationList = 481680102C2FF98D0050F9CC /* Build configuration list for PBXNativeTarget "blink" */;
			buildPhases = (
				48167FE72C2FF98B0050F9CC /* Sources */,
				48167FE82C2FF98B0050F9CC /* Frameworks */,
				48167FE92C2FF98B0050F9CC /* Resources */,
			);
			buildRules = (
			);
			dependencies = (
			);
			name = blink;
			productName = blink;
			productReference = 48167FEB2C2FF98B0050F9CC /* blink.app */;
			productType = "com.apple.product-type.application";
		};
		48167FFB2C2FF98D0050F9CC /* blinkTests */ = {
			isa = PBXNativeTarget;
			buildConfigurationList = 481680132C2FF98D0050F9CC /* Build configuration list for PBXNativeTarget "blinkTests" */;
			buildPhases = (
				48167FF82C2FF98D0050F9CC /* Sources */,
				48167FF92C2FF98D0050F9CC /* Frameworks */,
				48167FFA2C2FF98D0050F9CC /* Resources */,
			);
			buildRules = (
			);
			dependencies = (
				48167FFE2C2FF98D0050F9CC /* PBXTargetDependency */,
			);
			name = blinkTests;
			productName = blinkTests;
			productReference = 48167FFC2C2FF98D0050F9CC /* blinkTests.xctest */;
			productType = "com.apple.product-type.bundle.unit-test";
		};
		481680052C2FF98D0050F9CC /* blinkUITests */ = {
			isa = PBXNativeTarget;
			buildConfigurationList = 481680162C2FF98D0050F9CC /* Build configuration list for PBXNativeTarget "blinkUITests" */;
			buildPhases = (
				481680022C2FF98D0050F9CC /* Sources */,
				481680032C2FF98D0050F9CC /* Frameworks */,
				481680042C2FF98D0050F9CC /* Resources */,
			);
			buildRules = (
			);
			dependencies = (
				481680082C2FF98D0050F9CC /* PBXTargetDependency */,
			);
			name = blinkUITests;
			productName = blinkUITests;
			productReference = 481680062C2FF98D0050F9CC /* blinkUITests.xctest */;
			productType = "com.apple.product-type.bundle.ui-testing";
		};
/* End PBXNativeTarget section */

/* Begin PBXProject section */
		48167FE32C2FF98B0050F9CC /* Project object */ = {
			isa = PBXProject;
			attributes = {
				BuildIndependentTargetsInParallel = 1;
				LastSwiftUpdateCheck = 1540;
				LastUpgradeCheck = 1540;
				TargetAttributes = {
					48167FEA2C2FF98B0050F9CC = {
						CreatedOnToolsVersion = 15.4;
					};
					48167FFB2C2FF98D0050F9CC = {
						CreatedOnToolsVersion = 15.4;
						TestTargetID = 48167FEA2C2FF98B0050F9CC;
					};
					481680052C2FF98D0050F9CC = {
						CreatedOnToolsVersion = 15.4;
						TestTargetID = 48167FEA2C2FF98B0050F9CC;
					};
				};
			};
			buildConfigurationList = 48167FE62C2FF98B0050F9CC /* Build configuration list for PBXProject "blink" */;
			compatibilityVersion = "Xcode 14.0";
			developmentRegion = en;
			hasScannedForEncodings = 0;
			knownRegions = (
				en,
				Base,
			);
			mainGroup = 48167FE22C2FF98B0050F9CC;
			productRefGroup = 48167FEC2C2FF98B0050F9CC /* Products */;
			projectDirPath = "";
			projectRoot = "";
			targets = (
				48167FEA2C2FF98B0050F9CC /* blink */,
				48167FFB2C2FF98D0050F9CC /* blinkTests */,
				481680052C2FF98D0050F9CC /* blinkUITests */,
			);
		};
/* End PBXProject section */

/* Begin PBXResourcesBuildPhase section */
		48167FE92C2FF98B0050F9CC /* Resources */ = {
			isa = PBXResourcesBuildPhase;
			buildActionMask = 2147483647;
			files = (
				48167FF62C2FF98D0050F9CC /* Preview Assets.xcassets in Resources */,
				48167FF32C2FF98D0050F9CC /* Assets.xcassets in Resources */,
				481680202C2FFFA20050F9CC /* Info.plist in Resources */,
			);
			runOnlyForDeploymentPostprocessing = 0;
		};
		48167FFA2C2FF98D0050F9CC /* Resources */ = {
			isa = PBXResourcesBuildPhase;
			buildActionMask = 2147483647;
			files = (
			);
			runOnlyForDeploymentPostprocessing = 0;
		};
		481680042C2FF98D0050F9CC /* Resources */ = {
			isa = PBXResourcesBuildPhase;
			buildActionMask = 2147483647;
			files = (
			);
			runOnlyForDeploymentPostprocessing = 0;
		};
/* End PBXResourcesBuildPhase section */

/* Begin PBXSourcesBuildPhase section */
		48167FE72C2FF98B0050F9CC /* Sources */ = {
			isa = PBXSourcesBuildPhase;
			buildActionMask = 2147483647;
			files = (
				AD5917B72C300F6800B0A95C /* SettingsView.swift in Sources */,
				48167FF12C2FF98B0050F9CC /* ContentView.swift in Sources */,
				AD5917B52C300F4400B0A95C /* AppViewModel.swift in Sources */,
				48167FEF2C2FF98B0050F9CC /* blinkApp.swift in Sources */,
				AD5917BD2C30514D00B0A95C /* ProgressBar.swift in Sources */,
				AD5917B32C300F0300B0A95C /* AppDelegate.swift in Sources */,
				481680242C30012C0050F9CC /* MenuBarController.swift in Sources */,
				AD5917BB2C30483500B0A95C /* GlobalState.swift in Sources */,
				AD5917B92C300FFA00B0A95C /* FullScreenBreakView.swift in Sources */,
			);
			runOnlyForDeploymentPostprocessing = 0;
		};
		48167FF82C2FF98D0050F9CC /* Sources */ = {
			isa = PBXSourcesBuildPhase;
			buildActionMask = 2147483647;
			files = (
				481680012C2FF98D0050F9CC /* blinkTests.swift in Sources */,
			);
			runOnlyForDeploymentPostprocessing = 0;
		};
		481680022C2FF98D0050F9CC /* Sources */ = {
			isa = PBXSourcesBuildPhase;
			buildActionMask = 2147483647;
			files = (
				4816800B2C2FF98D0050F9CC /* blinkUITests.swift in Sources */,
				4816800D2C2FF98D0050F9CC /* blinkUITestsLaunchTests.swift in Sources */,
			);
			runOnlyForDeploymentPostprocessing = 0;
		};
/* End PBXSourcesBuildPhase section */

/* Begin PBXTargetDependency section */
		48167FFE2C2FF98D0050F9CC /* PBXTargetDependency */ = {
			isa = PBXTargetDependency;
			target = 48167FEA2C2FF98B0050F9CC /* blink */;
			targetProxy = 48167FFD2C2FF98D0050F9CC /* PBXContainerItemProxy */;
		};
		481680082C2FF98D0050F9CC /* PBXTargetDependency */ = {
			isa = PBXTargetDependency;
			target = 48167FEA2C2FF98B0050F9CC /* blink */;
			targetProxy = 481680072C2FF98D0050F9CC /* PBXContainerItemProxy */;
		};
/* End PBXTargetDependency section */

/* Begin XCBuildConfiguration section */
		4816800E2C2FF98D0050F9CC /* Debug */ = {
			isa = XCBuildConfiguration;
			buildSettings = {
				ALWAYS_SEARCH_USER_PATHS = NO;
				ASSETCATALOG_COMPILER_GENERATE_SWIFT_ASSET_SYMBOL_EXTENSIONS = YES;
				CLANG_ANALYZER_NONNULL = YES;
				CLANG_ANALYZER_NUMBER_OBJECT_CONVERSION = YES_AGGRESSIVE;
				CLANG_CXX_LANGUAGE_STANDARD = "gnu++20";
				CLANG_ENABLE_MODULES = YES;
				CLANG_ENABLE_OBJC_ARC = YES;
				CLANG_ENABLE_OBJC_WEAK = YES;
				CLANG_WARN_BLOCK_CAPTURE_AUTORELEASING = YES;
				CLANG_WARN_BOOL_CONVERSION = YES;
				CLANG_WARN_COMMA = YES;
				CLANG_WARN_CONSTANT_CONVERSION = YES;
				CLANG_WARN_DEPRECATED_OBJC_IMPLEMENTATIONS = YES;
				CLANG_WARN_DIRECT_OBJC_ISA_USAGE = YES_ERROR;
				CLANG_WARN_DOCUMENTATION_COMMENTS = YES;
				CLANG_WARN_EMPTY_BODY = YES;
				CLANG_WARN_ENUM_CONVERSION = YES;
				CLANG_WARN_INFINITE_RECURSION = YES;
				CLANG_WARN_INT_CONVERSION = YES;
				CLANG_WARN_NON_LITERAL_NULL_CONVERSION = YES;
				CLANG_WARN_OBJC_IMPLICIT_RETAIN_SELF = YES;
				CLANG_WARN_OBJC_LITERAL_CONVERSION = YES;
				CLANG_WARN_OBJC_ROOT_CLASS = YES_ERROR;
				CLANG_WARN_QUOTED_INCLUDE_IN_FRAMEWORK_HEADER = YES;
				CLANG_WARN_RANGE_LOOP_ANALYSIS = YES;
				CLANG_WARN_STRICT_PROTOTYPES = YES;
				CLANG_WARN_SUSPICIOUS_MOVE = YES;
				CLANG_WARN_UNGUARDED_AVAILABILITY = YES_AGGRESSIVE;
				CLANG_WARN_UNREACHABLE_CODE = YES;
				CLANG_WARN__DUPLICATE_METHOD_MATCH = YES;
				COPY_PHASE_STRIP = NO;
				DEBUG_INFORMATION_FORMAT = dwarf;
				ENABLE_STRICT_OBJC_MSGSEND = YES;
				ENABLE_TESTABILITY = YES;
				ENABLE_USER_SCRIPT_SANDBOXING = YES;
				GCC_C_LANGUAGE_STANDARD = gnu17;
				GCC_DYNAMIC_NO_PIC = NO;
				GCC_NO_COMMON_BLOCKS = YES;
				GCC_OPTIMIZATION_LEVEL = 0;
				GCC_PREPROCESSOR_DEFINITIONS = (
					"DEBUG=1",
					"$(inherited)",
				);
				GCC_WARN_64_TO_32_BIT_CONVERSION = YES;
				GCC_WARN_ABOUT_RETURN_TYPE = YES_ERROR;
				GCC_WARN_UNDECLARED_SELECTOR = YES;
				GCC_WARN_UNINITIALIZED_AUTOS = YES_AGGRESSIVE;
				GCC_WARN_UNUSED_FUNCTION = YES;
				GCC_WARN_UNUSED_VARIABLE = YES;
				LOCALIZATION_PREFERS_STRING_CATALOGS = YES;
				MACOSX_DEPLOYMENT_TARGET = 14.0;
				MTL_ENABLE_DEBUG_INFO = INCLUDE_SOURCE;
				MTL_FAST_MATH = YES;
				ONLY_ACTIVE_ARCH = YES;
				SDKROOT = macosx;
				SWIFT_ACTIVE_COMPILATION_CONDITIONS = "DEBUG $(inherited)";
				SWIFT_OPTIMIZATION_LEVEL = "-Onone";
			};
			name = Debug;
		};
		4816800F2C2FF98D0050F9CC /* Release */ = {
			isa = XCBuildConfiguration;
			buildSettings = {
				ALWAYS_SEARCH_USER_PATHS = NO;
				ASSETCATALOG_COMPILER_GENERATE_SWIFT_ASSET_SYMBOL_EXTENSIONS = YES;
				CLANG_ANALYZER_NONNULL = YES;
				CLANG_ANALYZER_NUMBER_OBJECT_CONVERSION = YES_AGGRESSIVE;
				CLANG_CXX_LANGUAGE_STANDARD = "gnu++20";
				CLANG_ENABLE_MODULES = YES;
				CLANG_ENABLE_OBJC_ARC = YES;
				CLANG_ENABLE_OBJC_WEAK = YES;
				CLANG_WARN_BLOCK_CAPTURE_AUTORELEASING = YES;
				CLANG_WARN_BOOL_CONVERSION = YES;
				CLANG_WARN_COMMA = YES;
				CLANG_WARN_CONSTANT_CONVERSION = YES;
				CLANG_WARN_DEPRECATED_OBJC_IMPLEMENTATIONS = YES;
				CLANG_WARN_DIRECT_OBJC_ISA_USAGE = YES_ERROR;
				CLANG_WARN_DOCUMENTATION_COMMENTS = YES;
				CLANG_WARN_EMPTY_BODY = YES;
				CLANG_WARN_ENUM_CONVERSION = YES;
				CLANG_WARN_INFINITE_RECURSION = YES;
				CLANG_WARN_INT_CONVERSION = YES;
				CLANG_WARN_NON_LITERAL_NULL_CONVERSION = YES;
				CLANG_WARN_OBJC_IMPLICIT_RETAIN_SELF = YES;
				CLANG_WARN_OBJC_LITERAL_CONVERSION = YES;
				CLANG_WARN_OBJC_ROOT_CLASS = YES_ERROR;
				CLANG_WARN_QUOTED_INCLUDE_IN_FRAMEWORK_HEADER = YES;
				CLANG_WARN_RANGE_LOOP_ANALYSIS = YES;
				CLANG_WARN_STRICT_PROTOTYPES = YES;
				CLANG_WARN_SUSPICIOUS_MOVE = YES;
				CLANG_WARN_UNGUARDED_AVAILABILITY = YES_AGGRESSIVE;
				CLANG_WARN_UNREACHABLE_CODE = YES;
				CLANG_WARN__DUPLICATE_METHOD_MATCH = YES;
				COPY_PHASE_STRIP = NO;
				DEBUG_INFORMATION_FORMAT = "dwarf-with-dsym";
				ENABLE_NS_ASSERTIONS = NO;
				ENABLE_STRICT_OBJC_MSGSEND = YES;
				ENABLE_USER_SCRIPT_SANDBOXING = YES;
				GCC_C_LANGUAGE_STANDARD = gnu17;
				GCC_NO_COMMON_BLOCKS = YES;
				GCC_WARN_64_TO_32_BIT_CONVERSION = YES;
				GCC_WARN_ABOUT_RETURN_TYPE = YES_ERROR;
				GCC_WARN_UNDECLARED_SELECTOR = YES;
				GCC_WARN_UNINITIALIZED_AUTOS = YES_AGGRESSIVE;
				GCC_WARN_UNUSED_FUNCTION = YES;
				GCC_WARN_UNUSED_VARIABLE = YES;
				LOCALIZATION_PREFERS_STRING_CATALOGS = YES;
				MACOSX_DEPLOYMENT_TARGET = 14.0;
				MTL_ENABLE_DEBUG_INFO = NO;
				MTL_FAST_MATH = YES;
				SDKROOT = macosx;
				SWIFT_COMPILATION_MODE = wholemodule;
			};
			name = Release;
		};
		481680112C2FF98D0050F9CC /* Debug */ = {
			isa = XCBuildConfiguration;
			buildSettings = {
				ASSETCATALOG_COMPILER_APPICON_NAME = AppIcon;
				ASSETCATALOG_COMPILER_GLOBAL_ACCENT_COLOR_NAME = AccentColor;
				CODE_SIGN_ENTITLEMENTS = blink/blink.entitlements;
				CODE_SIGN_STYLE = Automatic;
				COMBINE_HIDPI_IMAGES = YES;
				CURRENT_PROJECT_VERSION = 1;
				DEVELOPMENT_ASSET_PATHS = "\"blink/Preview Content\"";
				ENABLE_PREVIEWS = YES;
				GENERATE_INFOPLIST_FILE = YES;
				INFOPLIST_KEY_NSHumanReadableCopyright = "";
				LD_RUNPATH_SEARCH_PATHS = (
					"$(inherited)",
					"@executable_path/../Frameworks",
				);
				MARKETING_VERSION = 1.0;
				PRODUCT_BUNDLE_IDENTIFIER = adityamuthukattu.blink;
				PRODUCT_NAME = "$(TARGET_NAME)";
				SWIFT_EMIT_LOC_STRINGS = YES;
				SWIFT_VERSION = 5.0;
			};
			name = Debug;
		};
		481680122C2FF98D0050F9CC /* Release */ = {
			isa = XCBuildConfiguration;
			buildSettings = {
				ASSETCATALOG_COMPILER_APPICON_NAME = AppIcon;
				ASSETCATALOG_COMPILER_GLOBAL_ACCENT_COLOR_NAME = AccentColor;
				CODE_SIGN_ENTITLEMENTS = blink/blink.entitlements;
				CODE_SIGN_STYLE = Automatic;
				COMBINE_HIDPI_IMAGES = YES;
				CURRENT_PROJECT_VERSION = 1;
				DEVELOPMENT_ASSET_PATHS = "\"blink/Preview Content\"";
				ENABLE_PREVIEWS = YES;
				GENERATE_INFOPLIST_FILE = YES;
				INFOPLIST_KEY_NSHumanReadableCopyright = "";
				LD_RUNPATH_SEARCH_PATHS = (
					"$(inherited)",
					"@executable_path/../Frameworks",
				);
				MARKETING_VERSION = 1.0;
				PRODUCT_BUNDLE_IDENTIFIER = adityamuthukattu.blink;
				PRODUCT_NAME = "$(TARGET_NAME)";
				SWIFT_EMIT_LOC_STRINGS = YES;
				SWIFT_VERSION = 5.0;
			};
			name = Release;
		};
		481680142C2FF98D0050F9CC /* Debug */ = {
			isa = XCBuildConfiguration;
			buildSettings = {
				ALWAYS_EMBED_SWIFT_STANDARD_LIBRARIES = YES;
				BUNDLE_LOADER = "$(TEST_HOST)";
				CODE_SIGN_STYLE = Automatic;
				CURRENT_PROJECT_VERSION = 1;
				GENERATE_INFOPLIST_FILE = YES;
				MACOSX_DEPLOYMENT_TARGET = 14.5;
				MARKETING_VERSION = 1.0;
				PRODUCT_BUNDLE_IDENTIFIER = adityamuthukattu.blinkTests;
				PRODUCT_NAME = "$(TARGET_NAME)";
				SWIFT_EMIT_LOC_STRINGS = NO;
				SWIFT_VERSION = 5.0;
				TEST_HOST = "$(BUILT_PRODUCTS_DIR)/blink.app/$(BUNDLE_EXECUTABLE_FOLDER_PATH)/blink";
			};
			name = Debug;
		};
		481680152C2FF98D0050F9CC /* Release */ = {
			isa = XCBuildConfiguration;
			buildSettings = {
				ALWAYS_EMBED_SWIFT_STANDARD_LIBRARIES = YES;
				BUNDLE_LOADER = "$(TEST_HOST)";
				CODE_SIGN_STYLE = Automatic;
				CURRENT_PROJECT_VERSION = 1;
				GENERATE_INFOPLIST_FILE = YES;
				MACOSX_DEPLOYMENT_TARGET = 14.5;
				MARKETING_VERSION = 1.0;
				PRODUCT_BUNDLE_IDENTIFIER = adityamuthukattu.blinkTests;
				PRODUCT_NAME = "$(TARGET_NAME)";
				SWIFT_EMIT_LOC_STRINGS = NO;
				SWIFT_VERSION = 5.0;
				TEST_HOST = "$(BUILT_PRODUCTS_DIR)/blink.app/$(BUNDLE_EXECUTABLE_FOLDER_PATH)/blink";
			};
			name = Release;
		};
		481680172C2FF98D0050F9CC /* Debug */ = {
			isa = XCBuildConfiguration;
			buildSettings = {
				ALWAYS_EMBED_SWIFT_STANDARD_LIBRARIES = YES;
				CODE_SIGN_STYLE = Automatic;
				CURRENT_PROJECT_VERSION = 1;
				GENERATE_INFOPLIST_FILE = YES;
				MARKETING_VERSION = 1.0;
				PRODUCT_BUNDLE_IDENTIFIER = adityamuthukattu.blinkUITests;
				PRODUCT_NAME = "$(TARGET_NAME)";
				SWIFT_EMIT_LOC_STRINGS = NO;
				SWIFT_VERSION = 5.0;
				TEST_TARGET_NAME = blink;
			};
			name = Debug;
		};
		481680182C2FF98D0050F9CC /* Release */ = {
			isa = XCBuildConfiguration;
			buildSettings = {
				ALWAYS_EMBED_SWIFT_STANDARD_LIBRARIES = YES;
				CODE_SIGN_STYLE = Automatic;
				CURRENT_PROJECT_VERSION = 1;
				GENERATE_INFOPLIST_FILE = YES;
				MARKETING_VERSION = 1.0;
				PRODUCT_BUNDLE_IDENTIFIER = adityamuthukattu.blinkUITests;
				PRODUCT_NAME = "$(TARGET_NAME)";
				SWIFT_EMIT_LOC_STRINGS = NO;
				SWIFT_VERSION = 5.0;
				TEST_TARGET_NAME = blink;
			};
			name = Release;
		};
/* End XCBuildConfiguration section */

/* Begin XCConfigurationList section */
		48167FE62C2FF98B0050F9CC /* Build configuration list for PBXProject "blink" */ = {
			isa = XCConfigurationList;
			buildConfigurations = (
				4816800E2C2FF98D0050F9CC /* Debug */,
				4816800F2C2FF98D0050F9CC /* Release */,
			);
			defaultConfigurationIsVisible = 0;
			defaultConfigurationName = Release;
		};
		481680102C2FF98D0050F9CC /* Build configuration list for PBXNativeTarget "blink" */ = {
			isa = XCConfigurationList;
			buildConfigurations = (
				481680112C2FF98D0050F9CC /* Debug */,
				481680122C2FF98D0050F9CC /* Release */,
			);
			defaultConfigurationIsVisible = 0;
			defaultConfigurationName = Release;
		};
		481680132C2FF98D0050F9CC /* Build configuration list for PBXNativeTarget "blinkTests" */ = {
			isa = XCConfigurationList;
			buildConfigurations = (
				481680142C2FF98D0050F9CC /* Debug */,
				481680152C2FF98D0050F9CC /* Release */,
			);
			defaultConfigurationIsVisible = 0;
			defaultConfigurationName = Release;
		};
		481680162C2FF98D0050F9CC /* Build configuration list for PBXNativeTarget "blinkUITests" */ = {
			isa = XCConfigurationList;
			buildConfigurations = (
				481680172C2FF98D0050F9CC /* Debug */,
				481680182C2FF98D0050F9CC /* Release */,
			);
			defaultConfigurationIsVisible = 0;
			defaultConfigurationName = Release;
		};
/* End XCConfigurationList section */
	};
	rootObject = 48167FE32C2FF98B0050F9CC /* Project object */;
}
